// !$*UTF8*$!
{
	archiveVersion = 1;
	classes = {
	};
	objectVersion = 46;
	objects = {

/* Begin PBXBuildFile section */
		4A3FD71E1D5CF4F50023DA28 /* main.m in Sources */ = {isa = PBXBuildFile; fileRef = 4A3FD71D1D5CF4F50023DA28 /* main.m */; };
		4A3FD7211D5CF4F50023DA28 /* AppDelegate.m in Sources */ = {isa = PBXBuildFile; fileRef = 4A3FD7201D5CF4F50023DA28 /* AppDelegate.m */; };
		4A3FD7271D5CF4F50023DA28 /* Main.storyboard in Resources */ = {isa = PBXBuildFile; fileRef = 4A3FD7251D5CF4F50023DA28 /* Main.storyboard */; };
		4A3FD7291D5CF4F50023DA28 /* Assets.xcassets in Resources */ = {isa = PBXBuildFile; fileRef = 4A3FD7281D5CF4F50023DA28 /* Assets.xcassets */; };
		4A3FD72C1D5CF4F50023DA28 /* LaunchScreen.storyboard in Resources */ = {isa = PBXBuildFile; fileRef = 4A3FD72A1D5CF4F50023DA28 /* LaunchScreen.storyboard */; };
		4A3FD73D1D5CF5A50023DA28 /* clear-day.png in Resources */ = {isa = PBXBuildFile; fileRef = 4A3FD73A1D5CF5A50023DA28 /* clear-day.png */; };
		4A3FD73E1D5CF5A50023DA28 /* clear-day@2x.png in Resources */ = {isa = PBXBuildFile; fileRef = 4A3FD73B1D5CF5A50023DA28 /* clear-day@2x.png */; };
		4A3FD73F1D5CF5A50023DA28 /* clear-day@3x.png in Resources */ = {isa = PBXBuildFile; fileRef = 4A3FD73C1D5CF5A50023DA28 /* clear-day@3x.png */; };
		4A3FD7431D5CF5BC0023DA28 /* clear-night.png in Resources */ = {isa = PBXBuildFile; fileRef = 4A3FD7401D5CF5BC0023DA28 /* clear-night.png */; };
		4A3FD7441D5CF5BC0023DA28 /* clear-night@2x.png in Resources */ = {isa = PBXBuildFile; fileRef = 4A3FD7411D5CF5BC0023DA28 /* clear-night@2x.png */; };
		4A3FD7451D5CF5BC0023DA28 /* clear-night@3x.png in Resources */ = {isa = PBXBuildFile; fileRef = 4A3FD7421D5CF5BC0023DA28 /* clear-night@3x.png */; };
		4A3FD74F1D5CF60B0023DA28 /* cloudy-day.png in Resources */ = {isa = PBXBuildFile; fileRef = 4A3FD74C1D5CF60B0023DA28 /* cloudy-day.png */; };
		4A3FD7501D5CF60B0023DA28 /* cloudy-day@2x.png in Resources */ = {isa = PBXBuildFile; fileRef = 4A3FD74D1D5CF60B0023DA28 /* cloudy-day@2x.png */; };
		4A3FD7511D5CF60B0023DA28 /* cloudy-day@3x.png in Resources */ = {isa = PBXBuildFile; fileRef = 4A3FD74E1D5CF60B0023DA28 /* cloudy-day@3x.png */; };
		4A3FD7551D5CF6250023DA28 /* cloudy-night.png in Resources */ = {isa = PBXBuildFile; fileRef = 4A3FD7521D5CF6250023DA28 /* cloudy-night.png */; };
		4A3FD7561D5CF6250023DA28 /* cloudy-night@2x.png in Resources */ = {isa = PBXBuildFile; fileRef = 4A3FD7531D5CF6250023DA28 /* cloudy-night@2x.png */; };
		4A3FD7571D5CF6250023DA28 /* cloudy-night@3x.png in Resources */ = {isa = PBXBuildFile; fileRef = 4A3FD7541D5CF6250023DA28 /* cloudy-night@3x.png */; };
		4A3FD75B1D5CF6420023DA28 /* cloudy.png in Resources */ = {isa = PBXBuildFile; fileRef = 4A3FD7581D5CF6420023DA28 /* cloudy.png */; };
		4A3FD75C1D5CF6420023DA28 /* cloudy@2x.png in Resources */ = {isa = PBXBuildFile; fileRef = 4A3FD7591D5CF6420023DA28 /* cloudy@2x.png */; };
		4A3FD75D1D5CF6420023DA28 /* cloudy@3x.png in Resources */ = {isa = PBXBuildFile; fileRef = 4A3FD75A1D5CF6420023DA28 /* cloudy@3x.png */; };
		4A3FD7611D5CF66A0023DA28 /* default.png in Resources */ = {isa = PBXBuildFile; fileRef = 4A3FD75E1D5CF66A0023DA28 /* default.png */; };
		4A3FD7621D5CF66A0023DA28 /* default@2x.png in Resources */ = {isa = PBXBuildFile; fileRef = 4A3FD75F1D5CF66A0023DA28 /* default@2x.png */; };
		4A3FD7631D5CF66A0023DA28 /* default@3x.png in Resources */ = {isa = PBXBuildFile; fileRef = 4A3FD7601D5CF66A0023DA28 /* default@3x.png */; };
		4A3FD7671D5CF67B0023DA28 /* fog.png in Resources */ = {isa = PBXBuildFile; fileRef = 4A3FD7641D5CF67B0023DA28 /* fog.png */; };
		4A3FD7681D5CF67B0023DA28 /* fog@2x.png in Resources */ = {isa = PBXBuildFile; fileRef = 4A3FD7651D5CF67B0023DA28 /* fog@2x.png */; };
		4A3FD7691D5CF67B0023DA28 /* fog@3x.png in Resources */ = {isa = PBXBuildFile; fileRef = 4A3FD7661D5CF67B0023DA28 /* fog@3x.png */; };
		4A3FD76D1D5CF68E0023DA28 /* rain.png in Resources */ = {isa = PBXBuildFile; fileRef = 4A3FD76A1D5CF68E0023DA28 /* rain.png */; };
		4A3FD76E1D5CF68E0023DA28 /* rain@2x.png in Resources */ = {isa = PBXBuildFile; fileRef = 4A3FD76B1D5CF68E0023DA28 /* rain@2x.png */; };
		4A3FD76F1D5CF68E0023DA28 /* rain@3x.png in Resources */ = {isa = PBXBuildFile; fileRef = 4A3FD76C1D5CF68E0023DA28 /* rain@3x.png */; };
		4A3FD7731D5CF6A10023DA28 /* sleet.png in Resources */ = {isa = PBXBuildFile; fileRef = 4A3FD7701D5CF6A10023DA28 /* sleet.png */; };
		4A3FD7741D5CF6A10023DA28 /* sleet@2x.png in Resources */ = {isa = PBXBuildFile; fileRef = 4A3FD7711D5CF6A10023DA28 /* sleet@2x.png */; };
		4A3FD7751D5CF6A10023DA28 /* sleet@3x.png in Resources */ = {isa = PBXBuildFile; fileRef = 4A3FD7721D5CF6A10023DA28 /* sleet@3x.png */; };
		4A3FD7791D5CF6B30023DA28 /* snow.png in Resources */ = {isa = PBXBuildFile; fileRef = 4A3FD7761D5CF6B30023DA28 /* snow.png */; };
		4A3FD77A1D5CF6B30023DA28 /* snow@2x.png in Resources */ = {isa = PBXBuildFile; fileRef = 4A3FD7771D5CF6B30023DA28 /* snow@2x.png */; };
		4A3FD77B1D5CF6B30023DA28 /* snow@3x.png in Resources */ = {isa = PBXBuildFile; fileRef = 4A3FD7781D5CF6B30023DA28 /* snow@3x.png */; };
		4A3FD77F1D5CF6C90023DA28 /* sunrise.png in Resources */ = {isa = PBXBuildFile; fileRef = 4A3FD77C1D5CF6C90023DA28 /* sunrise.png */; };
		4A3FD7801D5CF6C90023DA28 /* sunrise@2x.png in Resources */ = {isa = PBXBuildFile; fileRef = 4A3FD77D1D5CF6C90023DA28 /* sunrise@2x.png */; };
		4A3FD7811D5CF6C90023DA28 /* sunrise@3x.png in Resources */ = {isa = PBXBuildFile; fileRef = 4A3FD77E1D5CF6C90023DA28 /* sunrise@3x.png */; };
		4A3FD7851D5CF6EC0023DA28 /* temperatureIconBG.png in Resources */ = {isa = PBXBuildFile; fileRef = 4A3FD7821D5CF6EC0023DA28 /* temperatureIconBG.png */; };
		4A3FD7861D5CF6EC0023DA28 /* temperatureIconBG@2x.png in Resources */ = {isa = PBXBuildFile; fileRef = 4A3FD7831D5CF6EC0023DA28 /* temperatureIconBG@2x.png */; };
		4A3FD7871D5CF6EC0023DA28 /* temperatureIconBG@3x.png in Resources */ = {isa = PBXBuildFile; fileRef = 4A3FD7841D5CF6EC0023DA28 /* temperatureIconBG@3x.png */; };
		4A3FD78B1D5CF70E0023DA28 /* wind.png in Resources */ = {isa = PBXBuildFile; fileRef = 4A3FD7881D5CF70E0023DA28 /* wind.png */; };
		4A3FD78C1D5CF70E0023DA28 /* wind@2x.png in Resources */ = {isa = PBXBuildFile; fileRef = 4A3FD7891D5CF70E0023DA28 /* wind@2x.png */; };
		4A3FD78D1D5CF70E0023DA28 /* wind@3x.png in Resources */ = {isa = PBXBuildFile; fileRef = 4A3FD78A1D5CF70E0023DA28 /* wind@3x.png */; };
		4A3FD7911D5CF7E50023DA28 /* ForecasterTableViewController.m in Sources */ = {isa = PBXBuildFile; fileRef = 4A3FD7901D5CF7E50023DA28 /* ForecasterTableViewController.m */; };
		4A3FD7941D5CF8960023DA28 /* SelectCityViewController.m in Sources */ = {isa = PBXBuildFile; fileRef = 4A3FD7931D5CF8960023DA28 /* SelectCityViewController.m */; };
		4A3FD7971D5CF9070023DA28 /* DetailCityViewController.m in Sources */ = {isa = PBXBuildFile; fileRef = 4A3FD7961D5CF9070023DA28 /* DetailCityViewController.m */; };
		4A3FD79A1D5CF9490023DA28 /* CityTableViewCell.m in Sources */ = {isa = PBXBuildFile; fileRef = 4A3FD7991D5CF9490023DA28 /* CityTableViewCell.m */; };
		4A3FD79D1D5CF9950023DA28 /* City.m in Sources */ = {isa = PBXBuildFile; fileRef = 4A3FD79C1D5CF9950023DA28 /* City.m */; };
		4A3FD7A01D5CF9B00023DA28 /* Weather.m in Sources */ = {isa = PBXBuildFile; fileRef = 4A3FD79F1D5CF9B00023DA28 /* Weather.m */; };
		4A3FD7A31D5CF9C80023DA28 /* APIController.m in Sources */ = {isa = PBXBuildFile; fileRef = 4A3FD7A21D5CF9C80023DA28 /* APIController.m */; };
/* End PBXBuildFile section */

/* Begin PBXFileReference section */
		4A3FD7191D5CF4F50023DA28 /* Forecaster.app */ = {isa = PBXFileReference; explicitFileType = wrapper.application; includeInIndex = 0; path = Forecaster.app; sourceTree = BUILT_PRODUCTS_DIR; };
		4A3FD71D1D5CF4F50023DA28 /* main.m */ = {isa = PBXFileReference; lastKnownFileType = sourcecode.c.objc; path = main.m; sourceTree = "<group>"; };
		4A3FD71F1D5CF4F50023DA28 /* AppDelegate.h */ = {isa = PBXFileReference; lastKnownFileType = sourcecode.c.h; path = AppDelegate.h; sourceTree = "<group>"; };
		4A3FD7201D5CF4F50023DA28 /* AppDelegate.m */ = {isa = PBXFileReference; lastKnownFileType = sourcecode.c.objc; path = AppDelegate.m; sourceTree = "<group>"; };
		4A3FD7261D5CF4F50023DA28 /* Base */ = {isa = PBXFileReference; lastKnownFileType = file.storyboard; name = Base; path = Base.lproj/Main.storyboard; sourceTree = "<group>"; };
		4A3FD7281D5CF4F50023DA28 /* Assets.xcassets */ = {isa = PBXFileReference; lastKnownFileType = folder.assetcatalog; path = Assets.xcassets; sourceTree = "<group>"; };
		4A3FD72B1D5CF4F50023DA28 /* Base */ = {isa = PBXFileReference; lastKnownFileType = file.storyboard; name = Base; path = Base.lproj/LaunchScreen.storyboard; sourceTree = "<group>"; };
		4A3FD72D1D5CF4F50023DA28 /* Info.plist */ = {isa = PBXFileReference; lastKnownFileType = text.plist.xml; path = Info.plist; sourceTree = "<group>"; };
		4A3FD73A1D5CF5A50023DA28 /* clear-day.png */ = {isa = PBXFileReference; lastKnownFileType = image.png; path = "clear-day.png"; sourceTree = "<group>"; };
		4A3FD73B1D5CF5A50023DA28 /* clear-day@2x.png */ = {isa = PBXFileReference; lastKnownFileType = image.png; path = "clear-day@2x.png"; sourceTree = "<group>"; };
		4A3FD73C1D5CF5A50023DA28 /* clear-day@3x.png */ = {isa = PBXFileReference; lastKnownFileType = image.png; path = "clear-day@3x.png"; sourceTree = "<group>"; };
		4A3FD7401D5CF5BC0023DA28 /* clear-night.png */ = {isa = PBXFileReference; lastKnownFileType = image.png; path = "clear-night.png"; sourceTree = "<group>"; };
		4A3FD7411D5CF5BC0023DA28 /* clear-night@2x.png */ = {isa = PBXFileReference; lastKnownFileType = image.png; path = "clear-night@2x.png"; sourceTree = "<group>"; };
		4A3FD7421D5CF5BC0023DA28 /* clear-night@3x.png */ = {isa = PBXFileReference; lastKnownFileType = image.png; path = "clear-night@3x.png"; sourceTree = "<group>"; };
		4A3FD74C1D5CF60B0023DA28 /* cloudy-day.png */ = {isa = PBXFileReference; lastKnownFileType = image.png; path = "cloudy-day.png"; sourceTree = "<group>"; };
		4A3FD74D1D5CF60B0023DA28 /* cloudy-day@2x.png */ = {isa = PBXFileReference; lastKnownFileType = image.png; path = "cloudy-day@2x.png"; sourceTree = "<group>"; };
		4A3FD74E1D5CF60B0023DA28 /* cloudy-day@3x.png */ = {isa = PBXFileReference; lastKnownFileType = image.png; path = "cloudy-day@3x.png"; sourceTree = "<group>"; };
		4A3FD7521D5CF6250023DA28 /* cloudy-night.png */ = {isa = PBXFileReference; lastKnownFileType = image.png; path = "cloudy-night.png"; sourceTree = "<group>"; };
		4A3FD7531D5CF6250023DA28 /* cloudy-night@2x.png */ = {isa = PBXFileReference; lastKnownFileType = image.png; path = "cloudy-night@2x.png"; sourceTree = "<group>"; };
		4A3FD7541D5CF6250023DA28 /* cloudy-night@3x.png */ = {isa = PBXFileReference; lastKnownFileType = image.png; path = "cloudy-night@3x.png"; sourceTree = "<group>"; };
		4A3FD7581D5CF6420023DA28 /* cloudy.png */ = {isa = PBXFileReference; lastKnownFileType = image.png; path = cloudy.png; sourceTree = "<group>"; };
		4A3FD7591D5CF6420023DA28 /* cloudy@2x.png */ = {isa = PBXFileReference; lastKnownFileType = image.png; path = "cloudy@2x.png"; sourceTree = "<group>"; };
		4A3FD75A1D5CF6420023DA28 /* cloudy@3x.png */ = {isa = PBXFileReference; lastKnownFileType = image.png; path = "cloudy@3x.png"; sourceTree = "<group>"; };
		4A3FD75E1D5CF66A0023DA28 /* default.png */ = {isa = PBXFileReference; lastKnownFileType = image.png; path = default.png; sourceTree = "<group>"; };
		4A3FD75F1D5CF66A0023DA28 /* default@2x.png */ = {isa = PBXFileReference; lastKnownFileType = image.png; path = "default@2x.png"; sourceTree = "<group>"; };
		4A3FD7601D5CF66A0023DA28 /* default@3x.png */ = {isa = PBXFileReference; lastKnownFileType = image.png; path = "default@3x.png"; sourceTree = "<group>"; };
		4A3FD7641D5CF67B0023DA28 /* fog.png */ = {isa = PBXFileReference; lastKnownFileType = image.png; path = fog.png; sourceTree = "<group>"; };
		4A3FD7651D5CF67B0023DA28 /* fog@2x.png */ = {isa = PBXFileReference; lastKnownFileType = image.png; path = "fog@2x.png"; sourceTree = "<group>"; };
		4A3FD7661D5CF67B0023DA28 /* fog@3x.png */ = {isa = PBXFileReference; lastKnownFileType = image.png; path = "fog@3x.png"; sourceTree = "<group>"; };
		4A3FD76A1D5CF68E0023DA28 /* rain.png */ = {isa = PBXFileReference; lastKnownFileType = image.png; path = rain.png; sourceTree = "<group>"; };
		4A3FD76B1D5CF68E0023DA28 /* rain@2x.png */ = {isa = PBXFileReference; lastKnownFileType = image.png; path = "rain@2x.png"; sourceTree = "<group>"; };
		4A3FD76C1D5CF68E0023DA28 /* rain@3x.png */ = {isa = PBXFileReference; lastKnownFileType = image.png; path = "rain@3x.png"; sourceTree = "<group>"; };
		4A3FD7701D5CF6A10023DA28 /* sleet.png */ = {isa = PBXFileReference; lastKnownFileType = image.png; path = sleet.png; sourceTree = "<group>"; };
		4A3FD7711D5CF6A10023DA28 /* sleet@2x.png */ = {isa = PBXFileReference; lastKnownFileType = image.png; path = "sleet@2x.png"; sourceTree = "<group>"; };
		4A3FD7721D5CF6A10023DA28 /* sleet@3x.png */ = {isa = PBXFileReference; lastKnownFileType = image.png; path = "sleet@3x.png"; sourceTree = "<group>"; };
		4A3FD7761D5CF6B30023DA28 /* snow.png */ = {isa = PBXFileReference; lastKnownFileType = image.png; path = snow.png; sourceTree = "<group>"; };
		4A3FD7771D5CF6B30023DA28 /* snow@2x.png */ = {isa = PBXFileReference; lastKnownFileType = image.png; path = "snow@2x.png"; sourceTree = "<group>"; };
		4A3FD7781D5CF6B30023DA28 /* snow@3x.png */ = {isa = PBXFileReference; lastKnownFileType = image.png; path = "snow@3x.png"; sourceTree = "<group>"; };
		4A3FD77C1D5CF6C90023DA28 /* sunrise.png */ = {isa = PBXFileReference; lastKnownFileType = image.png; path = sunrise.png; sourceTree = "<group>"; };
		4A3FD77D1D5CF6C90023DA28 /* sunrise@2x.png */ = {isa = PBXFileReference; lastKnownFileType = image.png; path = "sunrise@2x.png"; sourceTree = "<group>"; };
		4A3FD77E1D5CF6C90023DA28 /* sunrise@3x.png */ = {isa = PBXFileReference; lastKnownFileType = image.png; path = "sunrise@3x.png"; sourceTree = "<group>"; };
		4A3FD7821D5CF6EC0023DA28 /* temperatureIconBG.png */ = {isa = PBXFileReference; lastKnownFileType = image.png; path = temperatureIconBG.png; sourceTree = "<group>"; };
		4A3FD7831D5CF6EC0023DA28 /* temperatureIconBG@2x.png */ = {isa = PBXFileReference; lastKnownFileType = image.png; path = "temperatureIconBG@2x.png"; sourceTree = "<group>"; };
		4A3FD7841D5CF6EC0023DA28 /* temperatureIconBG@3x.png */ = {isa = PBXFileReference; lastKnownFileType = image.png; path = "temperatureIconBG@3x.png"; sourceTree = "<group>"; };
		4A3FD7881D5CF70E0023DA28 /* wind.png */ = {isa = PBXFileReference; lastKnownFileType = image.png; path = wind.png; sourceTree = "<group>"; };
		4A3FD7891D5CF70E0023DA28 /* wind@2x.png */ = {isa = PBXFileReference; lastKnownFileType = image.png; path = "wind@2x.png"; sourceTree = "<group>"; };
		4A3FD78A1D5CF70E0023DA28 /* wind@3x.png */ = {isa = PBXFileReference; lastKnownFileType = image.png; path = "wind@3x.png"; sourceTree = "<group>"; };
		4A3FD78F1D5CF7E50023DA28 /* ForecasterTableViewController.h */ = {isa = PBXFileReference; fileEncoding = 4; lastKnownFileType = sourcecode.c.h; path = ForecasterTableViewController.h; sourceTree = "<group>"; };
		4A3FD7901D5CF7E50023DA28 /* ForecasterTableViewController.m */ = {isa = PBXFileReference; fileEncoding = 4; lastKnownFileType = sourcecode.c.objc; path = ForecasterTableViewController.m; sourceTree = "<group>"; };
		4A3FD7921D5CF8960023DA28 /* SelectCityViewController.h */ = {isa = PBXFileReference; fileEncoding = 4; lastKnownFileType = sourcecode.c.h; path = SelectCityViewController.h; sourceTree = "<group>"; };
		4A3FD7931D5CF8960023DA28 /* SelectCityViewController.m */ = {isa = PBXFileReference; fileEncoding = 4; lastKnownFileType = sourcecode.c.objc; path = SelectCityViewController.m; sourceTree = "<group>"; };
		4A3FD7951D5CF9070023DA28 /* DetailCityViewController.h */ = {isa = PBXFileReference; fileEncoding = 4; lastKnownFileType = sourcecode.c.h; path = DetailCityViewController.h; sourceTree = "<group>"; };
		4A3FD7961D5CF9070023DA28 /* DetailCityViewController.m */ = {isa = PBXFileReference; fileEncoding = 4; lastKnownFileType = sourcecode.c.objc; path = DetailCityViewController.m; sourceTree = "<group>"; };
		4A3FD7981D5CF9490023DA28 /* CityTableViewCell.h */ = {isa = PBXFileReference; fileEncoding = 4; lastKnownFileType = sourcecode.c.h; path = CityTableViewCell.h; sourceTree = "<group>"; };
		4A3FD7991D5CF9490023DA28 /* CityTableViewCell.m */ = {isa = PBXFileReference; fileEncoding = 4; lastKnownFileType = sourcecode.c.objc; path = CityTableViewCell.m; sourceTree = "<group>"; };
		4A3FD79B1D5CF9950023DA28 /* City.h */ = {isa = PBXFileReference; fileEncoding = 4; lastKnownFileType = sourcecode.c.h; path = City.h; sourceTree = "<group>"; };
		4A3FD79C1D5CF9950023DA28 /* City.m */ = {isa = PBXFileReference; fileEncoding = 4; lastKnownFileType = sourcecode.c.objc; path = City.m; sourceTree = "<group>"; };
		4A3FD79E1D5CF9B00023DA28 /* Weather.h */ = {isa = PBXFileReference; fileEncoding = 4; lastKnownFileType = sourcecode.c.h; path = Weather.h; sourceTree = "<group>"; };
		4A3FD79F1D5CF9B00023DA28 /* Weather.m */ = {isa = PBXFileReference; fileEncoding = 4; lastKnownFileType = sourcecode.c.objc; path = Weather.m; sourceTree = "<group>"; };
		4A3FD7A11D5CF9C80023DA28 /* APIController.h */ = {isa = PBXFileReference; fileEncoding = 4; lastKnownFileType = sourcecode.c.h; path = APIController.h; sourceTree = "<group>"; };
		4A3FD7A21D5CF9C80023DA28 /* APIController.m */ = {isa = PBXFileReference; fileEncoding = 4; lastKnownFileType = sourcecode.c.objc; path = APIController.m; sourceTree = "<group>"; };
/* End PBXFileReference section */

/* Begin PBXFrameworksBuildPhase section */
		4A3FD7161D5CF4F50023DA28 /* Frameworks */ = {
			isa = PBXFrameworksBuildPhase;
			buildActionMask = 2147483647;
			files = (
			);
			runOnlyForDeploymentPostprocessing = 0;
		};
/* End PBXFrameworksBuildPhase section */

/* Begin PBXGroup section */
		4A3FD7101D5CF4F50023DA28 = {
			isa = PBXGroup;
			children = (
				4A3FD71B1D5CF4F50023DA28 /* Forecaster */,
				4A3FD71A1D5CF4F50023DA28 /* Products */,
			);
			sourceTree = "<group>";
		};
		4A3FD71A1D5CF4F50023DA28 /* Products */ = {
			isa = PBXGroup;
			children = (
				4A3FD7191D5CF4F50023DA28 /* Forecaster.app */,
			);
			name = Products;
			sourceTree = "<group>";
		};
		4A3FD71B1D5CF4F50023DA28 /* Forecaster */ = {
			isa = PBXGroup;
			children = (
				4A3FD71F1D5CF4F50023DA28 /* AppDelegate.h */,
				4A3FD7201D5CF4F50023DA28 /* AppDelegate.m */,
				4A3FD79B1D5CF9950023DA28 /* City.h */,
				4A3FD79C1D5CF9950023DA28 /* City.m */,
				4A3FD79E1D5CF9B00023DA28 /* Weather.h */,
				4A3FD79F1D5CF9B00023DA28 /* Weather.m */,
				4A3FD78F1D5CF7E50023DA28 /* ForecasterTableViewController.h */,
				4A3FD7901D5CF7E50023DA28 /* ForecasterTableViewController.m */,
				4A3FD7921D5CF8960023DA28 /* SelectCityViewController.h */,
				4A3FD7931D5CF8960023DA28 /* SelectCityViewController.m */,
				4A3FD7951D5CF9070023DA28 /* DetailCityViewController.h */,
				4A3FD7961D5CF9070023DA28 /* DetailCityViewController.m */,
				4A3FD7981D5CF9490023DA28 /* CityTableViewCell.h */,
				4A3FD7991D5CF9490023DA28 /* CityTableViewCell.m */,
				4A3FD7A11D5CF9C80023DA28 /* APIController.h */,
				4A3FD7A21D5CF9C80023DA28 /* APIController.m */,
				4A3FD7251D5CF4F50023DA28 /* Main.storyboard */,
				4A3FD7281D5CF4F50023DA28 /* Assets.xcassets */,
				4A3FD7391D5CF5560023DA28 /* Images */,
				4A3FD72A1D5CF4F50023DA28 /* LaunchScreen.storyboard */,
				4A3FD72D1D5CF4F50023DA28 /* Info.plist */,
				4A3FD71C1D5CF4F50023DA28 /* Supporting Files */,
			);
			path = Forecaster;
			sourceTree = "<group>";
		};
		4A3FD71C1D5CF4F50023DA28 /* Supporting Files */ = {
			isa = PBXGroup;
			children = (
				4A3FD71D1D5CF4F50023DA28 /* main.m */,
			);
			name = "Supporting Files";
			sourceTree = "<group>";
		};
		4A3FD7391D5CF5560023DA28 /* Images */ = {
			isa = PBXGroup;
			children = (
				4A3FD7881D5CF70E0023DA28 /* wind.png */,
				4A3FD7891D5CF70E0023DA28 /* wind@2x.png */,
				4A3FD78A1D5CF70E0023DA28 /* wind@3x.png */,
				4A3FD7821D5CF6EC0023DA28 /* temperatureIconBG.png */,
				4A3FD7831D5CF6EC0023DA28 /* temperatureIconBG@2x.png */,
				4A3FD7841D5CF6EC0023DA28 /* temperatureIconBG@3x.png */,
				4A3FD77C1D5CF6C90023DA28 /* sunrise.png */,
				4A3FD77D1D5CF6C90023DA28 /* sunrise@2x.png */,
				4A3FD77E1D5CF6C90023DA28 /* sunrise@3x.png */,
				4A3FD7761D5CF6B30023DA28 /* snow.png */,
				4A3FD7771D5CF6B30023DA28 /* snow@2x.png */,
				4A3FD7781D5CF6B30023DA28 /* snow@3x.png */,
				4A3FD7701D5CF6A10023DA28 /* sleet.png */,
				4A3FD7711D5CF6A10023DA28 /* sleet@2x.png */,
				4A3FD7721D5CF6A10023DA28 /* sleet@3x.png */,
				4A3FD76A1D5CF68E0023DA28 /* rain.png */,
				4A3FD76B1D5CF68E0023DA28 /* rain@2x.png */,
				4A3FD76C1D5CF68E0023DA28 /* rain@3x.png */,
				4A3FD7641D5CF67B0023DA28 /* fog.png */,
				4A3FD7651D5CF67B0023DA28 /* fog@2x.png */,
				4A3FD7661D5CF67B0023DA28 /* fog@3x.png */,
				4A3FD75E1D5CF66A0023DA28 /* default.png */,
				4A3FD75F1D5CF66A0023DA28 /* default@2x.png */,
				4A3FD7601D5CF66A0023DA28 /* default@3x.png */,
				4A3FD74C1D5CF60B0023DA28 /* cloudy-day.png */,
				4A3FD74D1D5CF60B0023DA28 /* cloudy-day@2x.png */,
				4A3FD74E1D5CF60B0023DA28 /* cloudy-day@3x.png */,
				4A3FD7401D5CF5BC0023DA28 /* clear-night.png */,
				4A3FD7411D5CF5BC0023DA28 /* clear-night@2x.png */,
				4A3FD7421D5CF5BC0023DA28 /* clear-night@3x.png */,
				4A3FD73A1D5CF5A50023DA28 /* clear-day.png */,
				4A3FD73B1D5CF5A50023DA28 /* clear-day@2x.png */,
				4A3FD73C1D5CF5A50023DA28 /* clear-day@3x.png */,
				4A3FD7521D5CF6250023DA28 /* cloudy-night.png */,
				4A3FD7531D5CF6250023DA28 /* cloudy-night@2x.png */,
				4A3FD7541D5CF6250023DA28 /* cloudy-night@3x.png */,
				4A3FD7581D5CF6420023DA28 /* cloudy.png */,
				4A3FD7591D5CF6420023DA28 /* cloudy@2x.png */,
				4A3FD75A1D5CF6420023DA28 /* cloudy@3x.png */,
			);
			name = Images;
			sourceTree = "<group>";
		};
/* End PBXGroup section */

/* Begin PBXNativeTarget section */
		4A3FD7181D5CF4F50023DA28 /* Forecaster */ = {
			isa = PBXNativeTarget;
			buildConfigurationList = 4A3FD7301D5CF4F50023DA28 /* Build configuration list for PBXNativeTarget "Forecaster" */;
			buildPhases = (
				4A3FD7151D5CF4F50023DA28 /* Sources */,
				4A3FD7161D5CF4F50023DA28 /* Frameworks */,
				4A3FD7171D5CF4F50023DA28 /* Resources */,
			);
			buildRules = (
			);
			dependencies = (
			);
			name = Forecaster;
			productName = Forecaster;
			productReference = 4A3FD7191D5CF4F50023DA28 /* Forecaster.app */;
			productType = "com.apple.product-type.application";
		};
/* End PBXNativeTarget section */

/* Begin PBXProject section */
		4A3FD7111D5CF4F50023DA28 /* Project object */ = {
			isa = PBXProject;
			attributes = {
				LastUpgradeCheck = 0730;
				ORGANIZATIONNAME = "Gregory Weiss";
				TargetAttributes = {
					4A3FD7181D5CF4F50023DA28 = {
						CreatedOnToolsVersion = 7.3.1;
					};
				};
			};
			buildConfigurationList = 4A3FD7141D5CF4F50023DA28 /* Build configuration list for PBXProject "Forecaster" */;
			compatibilityVersion = "Xcode 3.2";
			developmentRegion = English;
			hasScannedForEncodings = 0;
			knownRegions = (
				en,
				Base,
			);
			mainGroup = 4A3FD7101D5CF4F50023DA28;
			productRefGroup = 4A3FD71A1D5CF4F50023DA28 /* Products */;
			projectDirPath = "";
			projectRoot = "";
			targets = (
				4A3FD7181D5CF4F50023DA28 /* Forecaster */,
			);
		};
/* End PBXProject section */

/* Begin PBXResourcesBuildPhase section */
		4A3FD7171D5CF4F50023DA28 /* Resources */ = {
			isa = PBXResourcesBuildPhase;
			buildActionMask = 2147483647;
			files = (
				4A3FD7631D5CF66A0023DA28 /* default@3x.png in Resources */,
				4A3FD7451D5CF5BC0023DA28 /* clear-night@3x.png in Resources */,
				4A3FD75D1D5CF6420023DA28 /* cloudy@3x.png in Resources */,
				4A3FD7871D5CF6EC0023DA28 /* temperatureIconBG@3x.png in Resources */,
				4A3FD72C1D5CF4F50023DA28 /* LaunchScreen.storyboard in Resources */,
				4A3FD7791D5CF6B30023DA28 /* snow.png in Resources */,
				4A3FD7811D5CF6C90023DA28 /* sunrise@3x.png in Resources */,
				4A3FD76E1D5CF68E0023DA28 /* rain@2x.png in Resources */,
				4A3FD7291D5CF4F50023DA28 /* Assets.xcassets in Resources */,
				4A3FD7431D5CF5BC0023DA28 /* clear-night.png in Resources */,
				4A3FD7611D5CF66A0023DA28 /* default.png in Resources */,
				4A3FD77F1D5CF6C90023DA28 /* sunrise.png in Resources */,
				4A3FD7681D5CF67B0023DA28 /* fog@2x.png in Resources */,
				4A3FD7751D5CF6A10023DA28 /* sleet@3x.png in Resources */,
				4A3FD7731D5CF6A10023DA28 /* sleet.png in Resources */,
				4A3FD75C1D5CF6420023DA28 /* cloudy@2x.png in Resources */,
				4A3FD73F1D5CF5A50023DA28 /* clear-day@3x.png in Resources */,
				4A3FD73D1D5CF5A50023DA28 /* clear-day.png in Resources */,
				4A3FD7861D5CF6EC0023DA28 /* temperatureIconBG@2x.png in Resources */,
				4A3FD77B1D5CF6B30023DA28 /* snow@3x.png in Resources */,
				4A3FD77A1D5CF6B30023DA28 /* snow@2x.png in Resources */,
				4A3FD78B1D5CF70E0023DA28 /* wind.png in Resources */,
				4A3FD7511D5CF60B0023DA28 /* cloudy-day@3x.png in Resources */,
				4A3FD78C1D5CF70E0023DA28 /* wind@2x.png in Resources */,
				4A3FD7691D5CF67B0023DA28 /* fog@3x.png in Resources */,
				4A3FD78D1D5CF70E0023DA28 /* wind@3x.png in Resources */,
				4A3FD76F1D5CF68E0023DA28 /* rain@3x.png in Resources */,
				4A3FD7801D5CF6C90023DA28 /* sunrise@2x.png in Resources */,
				4A3FD7551D5CF6250023DA28 /* cloudy-night.png in Resources */,
				4A3FD7441D5CF5BC0023DA28 /* clear-night@2x.png in Resources */,
				4A3FD7621D5CF66A0023DA28 /* default@2x.png in Resources */,
				4A3FD76D1D5CF68E0023DA28 /* rain.png in Resources */,
				4A3FD7571D5CF6250023DA28 /* cloudy-night@3x.png in Resources */,
				4A3FD7271D5CF4F50023DA28 /* Main.storyboard in Resources */,
				4A3FD7501D5CF60B0023DA28 /* cloudy-day@2x.png in Resources */,
				4A3FD74F1D5CF60B0023DA28 /* cloudy-day.png in Resources */,
				4A3FD7671D5CF67B0023DA28 /* fog.png in Resources */,
				4A3FD7741D5CF6A10023DA28 /* sleet@2x.png in Resources */,
				4A3FD75B1D5CF6420023DA28 /* cloudy.png in Resources */,
				4A3FD7851D5CF6EC0023DA28 /* temperatureIconBG.png in Resources */,
				4A3FD73E1D5CF5A50023DA28 /* clear-day@2x.png in Resources */,
				4A3FD7561D5CF6250023DA28 /* cloudy-night@2x.png in Resources */,
			);
			runOnlyForDeploymentPostprocessing = 0;
		};
/* End PBXResourcesBuildPhase section */

/* Begin PBXSourcesBuildPhase section */
		4A3FD7151D5CF4F50023DA28 /* Sources */ = {
			isa = PBXSourcesBuildPhase;
			buildActionMask = 2147483647;
			files = (
				4A3FD7A31D5CF9C80023DA28 /* APIController.m in Sources */,
				4A3FD7211D5CF4F50023DA28 /* AppDelegate.m in Sources */,
				4A3FD7971D5CF9070023DA28 /* DetailCityViewController.m in Sources */,
				4A3FD79A1D5CF9490023DA28 /* CityTableViewCell.m in Sources */,
				4A3FD7941D5CF8960023DA28 /* SelectCityViewController.m in Sources */,
				4A3FD7A01D5CF9B00023DA28 /* Weather.m in Sources */,
				4A3FD7911D5CF7E50023DA28 /* ForecasterTableViewController.m in Sources */,
				4A3FD79D1D5CF9950023DA28 /* City.m in Sources */,
				4A3FD71E1D5CF4F50023DA28 /* main.m in Sources */,
			);
			runOnlyForDeploymentPostprocessing = 0;
		};
/* End PBXSourcesBuildPhase section */

/* Begin PBXVariantGroup section */
		4A3FD7251D5CF4F50023DA28 /* Main.storyboard */ = {
			isa = PBXVariantGroup;
			children = (
				4A3FD7261D5CF4F50023DA28 /* Base */,
			);
			name = Main.storyboard;
			sourceTree = "<group>";
		};
		4A3FD72A1D5CF4F50023DA28 /* LaunchScreen.storyboard */ = {
			isa = PBXVariantGroup;
			children = (
				4A3FD72B1D5CF4F50023DA28 /* Base */,
			);
			name = LaunchScreen.storyboard;
			sourceTree = "<group>";
		};
/* End PBXVariantGroup section */

/* Begin XCBuildConfiguration section */
		4A3FD72E1D5CF4F50023DA28 /* Debug */ = {
			isa = XCBuildConfiguration;
			buildSettings = {
				ALWAYS_SEARCH_USER_PATHS = NO;
				CLANG_ANALYZER_NONNULL = YES;
				CLANG_CXX_LANGUAGE_STANDARD = "gnu++0x";
				CLANG_CXX_LIBRARY = "libc++";
				CLANG_ENABLE_MODULES = YES;
				CLANG_ENABLE_OBJC_ARC = YES;
				CLANG_WARN_BOOL_CONVERSION = YES;
				CLANG_WARN_CONSTANT_CONVERSION = YES;
				CLANG_WARN_DIRECT_OBJC_ISA_USAGE = YES_ERROR;
				CLANG_WARN_EMPTY_BODY = YES;
				CLANG_WARN_ENUM_CONVERSION = YES;
				CLANG_WARN_INT_CONVERSION = YES;
				CLANG_WARN_OBJC_ROOT_CLASS = YES_ERROR;
				CLANG_WARN_UNREACHABLE_CODE = YES;
				CLANG_WARN__DUPLICATE_METHOD_MATCH = YES;
				"CODE_SIGN_IDENTITY[sdk=iphoneos*]" = "iPhone Developer";
				COPY_PHASE_STRIP = NO;
				DEBUG_INFORMATION_FORMAT = dwarf;
				ENABLE_STRICT_OBJC_MSGSEND = YES;
				ENABLE_TESTABILITY = YES;
				GCC_C_LANGUAGE_STANDARD = gnu99;
				GCC_DYNAMIC_NO_PIC = NO;
				GCC_NO_COMMON_BLOCKS = YES;
				GCC_OPTIMIZATION_LEVEL = 0;
				GCC_PREPROCESSOR_DEFINITIONS = (
					"DEBUG=1",
					"$(inherited)",
				);
				GCC_WARN_64_TO_32_BIT_CONVERSION = YES;
				GCC_WARN_ABOUT_RETURN_TYPE = YES_ERROR;
				GCC_WARN_UNDECLARED_SELECTOR = YES;
				GCC_WARN_UNINITIALIZED_AUTOS = YES_AGGRESSIVE;
				GCC_WARN_UNUSED_FUNCTION = YES;
				GCC_WARN_UNUSED_VARIABLE = YES;
				IPHONEOS_DEPLOYMENT_TARGET = 9.3;
				MTL_ENABLE_DEBUG_INFO = YES;
				ONLY_ACTIVE_ARCH = YES;
				SDKROOT = iphoneos;
				TARGETED_DEVICE_FAMILY = "1,2";
			};
			name = Debug;
		};
		4A3FD72F1D5CF4F50023DA28 /* Release */ = {
			isa = XCBuildConfiguration;
			buildSettings = {
				ALWAYS_SEARCH_USER_PATHS = NO;
				CLANG_ANALYZER_NONNULL = YES;
				CLANG_CXX_LANGUAGE_STANDARD = "gnu++0x";
				CLANG_CXX_LIBRARY = "libc++";
				CLANG_ENABLE_MODULES = YES;
				CLANG_ENABLE_OBJC_ARC = YES;
				CLANG_WARN_BOOL_CONVERSION = YES;
				CLANG_WARN_CONSTANT_CONVERSION = YES;
				CLANG_WARN_DIRECT_OBJC_ISA_USAGE = YES_ERROR;
				CLANG_WARN_EMPTY_BODY = YES;
				CLANG_WARN_ENUM_CONVERSION = YES;
				CLANG_WARN_INT_CONVERSION = YES;
				CLANG_WARN_OBJC_ROOT_CLASS = YES_ERROR;
				CLANG_WARN_UNREACHABLE_CODE = YES;
				CLANG_WARN__DUPLICATE_METHOD_MATCH = YES;
				"CODE_SIGN_IDENTITY[sdk=iphoneos*]" = "iPhone Developer";
				COPY_PHASE_STRIP = NO;
				DEBUG_INFORMATION_FORMAT = "dwarf-with-dsym";
				ENABLE_NS_ASSERTIONS = NO;
				ENABLE_STRICT_OBJC_MSGSEND = YES;
				GCC_C_LANGUAGE_STANDARD = gnu99;
				GCC_NO_COMMON_BLOCKS = YES;
				GCC_WARN_64_TO_32_BIT_CONVERSION = YES;
				GCC_WARN_ABOUT_RETURN_TYPE = YES_ERROR;
				GCC_WARN_UNDECLARED_SELECTOR = YES;
				GCC_WARN_UNINITIALIZED_AUTOS = YES_AGGRESSIVE;
				GCC_WARN_UNUSED_FUNCTION = YES;
				GCC_WARN_UNUSED_VARIABLE = YES;
				IPHONEOS_DEPLOYMENT_TARGET = 9.3;
				MTL_ENABLE_DEBUG_INFO = NO;
				SDKROOT = iphoneos;
				TARGETED_DEVICE_FAMILY = "1,2";
				VALIDATE_PRODUCT = YES;
			};
			name = Release;
		};
		4A3FD7311D5CF4F50023DA28 /* Debug */ = {
			isa = XCBuildConfiguration;
			buildSettings = {
				ASSETCATALOG_COMPILER_APPICON_NAME = AppIcon;
				INFOPLIST_FILE = Forecaster/Info.plist;
				LD_RUNPATH_SEARCH_PATHS = "$(inherited) @executable_path/Frameworks";
				PRODUCT_BUNDLE_IDENTIFIER = com.gerusa04.Forecaster;
				PRODUCT_NAME = "$(TARGET_NAME)";
			};
			name = Debug;
		};
		4A3FD7321D5CF4F50023DA28 /* Release */ = {
			isa = XCBuildConfiguration;
			buildSettings = {
				ASSETCATALOG_COMPILER_APPICON_NAME = AppIcon;
				INFOPLIST_FILE = Forecaster/Info.plist;
				LD_RUNPATH_SEARCH_PATHS = "$(inherited) @executable_path/Frameworks";
				PRODUCT_BUNDLE_IDENTIFIER = com.gerusa04.Forecaster;
				PRODUCT_NAME = "$(TARGET_NAME)";
			};
			name = Release;
		};
/* End XCBuildConfiguration section */

/* Begin XCConfigurationList section */
		4A3FD7141D5CF4F50023DA28 /* Build configuration list for PBXProject "Forecaster" */ = {
			isa = XCConfigurationList;
			buildConfigurations = (
				4A3FD72E1D5CF4F50023DA28 /* Debug */,
				4A3FD72F1D5CF4F50023DA28 /* Release */,
			);
			defaultConfigurationIsVisible = 0;
			defaultConfigurationName = Release;
		};
		4A3FD7301D5CF4F50023DA28 /* Build configuration list for PBXNativeTarget "Forecaster" */ = {
			isa = XCConfigurationList;
			buildConfigurations = (
				4A3FD7311D5CF4F50023DA28 /* Debug */,
				4A3FD7321D5CF4F50023DA28 /* Release */,
			);
			defaultConfigurationIsVisible = 0;
		};
/* End XCConfigurationList section */
	};
	rootObject = 4A3FD7111D5CF4F50023DA28 /* Project object */;
}
